{
  "name": "kindle-notion-integration",
  "version": "1.0.0",
  "lockfileVersion": 2,
  "requires": true,
  "packages": {
    "": {
      "name": "kindle-notion-integration",
      "version": "1.0.0",
      "license": "ISC",
      "dependencies": {
        "@darylserrano/kindle-clippings": "^2.2.5",
        "dotenv": "^16.0.3",
        "fs": "^0.0.1-security"
      }
    },
    "node_modules/@darylserrano/kindle-clippings": {
      "version": "2.2.5",
      "resolved": "https://registry.npmjs.org/@darylserrano/kindle-clippings/-/kindle-clippings-2.2.5.tgz",
      "integrity": "sha512-cYibjCgm4cQkI9mdG9XseycsKLYUKl1lYYq0i8Mo5ELjynaq2KCv3SZUfyKc1L3j6mxfucsYimb62I8X+sdvCQ=="
    },
    "node_modules/dotenv": {
      "version": "16.0.3",
      "resolved": "https://registry.npmjs.org/dotenv/-/dotenv-16.0.3.tgz",
      "integrity": "sha512-7GO6HghkA5fYG9TYnNxi14/7K9f5occMlp3zXAuSxn7CKCxt9xbNWG7yF8hTCSUchlfWSe3uLmlPfigevRItzQ==",
      "engines": {
        "node": ">=12"
      }
    },
    "node_modules/fs": {
      "version": "0.0.1-security",
      "resolved": "https://registry.npmjs.org/fs/-/fs-0.0.1-security.tgz",
      "integrity": "sha512-3XY9e1pP0CVEUCdj5BmfIZxRBTSDycnbqhIOGec9QYtmVH2fbLpj86CFWkrNOkt/Fvty4KZG5lTglL9j/gJ87w=="
    }
  },
  "dependencies": {
    "@darylserrano/kindle-clippings": {
      "version": "2.2.5",
      "resolved": "https://registry.npmjs.org/@darylserrano/kindle-clippings/-/kindle-clippings-2.2.5.tgz",
      "integrity": "sha512-cYibjCgm4cQkI9mdG9XseycsKLYUKl1lYYq0i8Mo5ELjynaq2KCv3SZUfyKc1L3j6mxfucsYimb62I8X+sdvCQ=="
    },
    "dotenv": {
      "version": "16.0.3",
      "resolved": "https://registry.npmjs.org/dotenv/-/dotenv-16.0.3.tgz",
      "integrity": "sha512-7GO6HghkA5fYG9TYnNxi14/7K9f5occMlp3zXAuSxn7CKCxt9xbNWG7yF8hTCSUchlfWSe3uLmlPfigevRItzQ=="
    },
    "fs": {
      "version": "0.0.1-security",
      "resolved": "https://registry.npmjs.org/fs/-/fs-0.0.1-security.tgz",
      "integrity": "sha512-3XY9e1pP0CVEUCdj5BmfIZxRBTSDycnbqhIOGec9QYtmVH2fbLpj86CFWkrNOkt/Fvty4KZG5lTglL9j/gJ87w=="
    }
  }
}
